<?xml version="1.0" encoding="utf-8"?>
<Project ToolsVersion="4.0" xmlns="http://schemas.microsoft.com/developer/msbuild/2003">
  <ItemGroup>
    <Filter Include="Source Files">
      <UniqueIdentifier>{4FC737F1-C7A5-4376-A066-2A32D752A2FF}</UniqueIdentifier>
      <Extensions>cpp;c;cc;cxx;def;odl;idl;hpj;bat;asm;asmx</Extensions>
    </Filter>
    <Filter Include="Header Files">
      <UniqueIdentifier>{93995380-89BD-4b04-88EB-625FBE52EBFB}</UniqueIdentifier>
      <Extensions>h;hh;hpp;hxx;hm;inl;inc;xsd</Extensions>
    </Filter>
    <Filter Include="Resource Files">
      <UniqueIdentifier>{67DA6AB6-F800-4c08-8B7A-83BB121AAD01}</UniqueIdentifier>
      <Extensions>rc;ico;cur;bmp;dlg;rc2;rct;bin;rgs;gif;jpg;jpeg;jpe;resx;tiff;tif;png;wav;mfcribbon-ms</Extensions>
    </Filter>
    <Filter Include="Source Files\res">
      <UniqueIdentifier>{4d0dcacd-93cd-4bdd-b584-b42c7ced45a9}</UniqueIdentifier>
    </Filter>
    <Filter Include="Source Files\res\img">
      <UniqueIdentifier>{b0b7f6ff-6185-45cc-a8a9-78a18b51c536}</UniqueIdentifier>
    </Filter>
  </ItemGroup>
  <ItemGroup>
    <ClInclude Include="MChamps.h">
      <Filter>Header Files</Filter>
    </ClInclude>
    <ClInclude Include="Graphics.h">
      <Filter>Header Files</Filter>
    </ClInclude>
    <ClInclude Include="Assets.h">
      <Filter>Header Files</Filter>
    </ClInclude>
    <ClInclude Include="AssetDefines.h">
      <Filter>Header Files</Filter>
    </ClInclude>
    <ClInclude Include="Timer.h">
      <Filter>Header Files</Filter>
    </ClInclude>
    <ClInclude Include="Objects.h">
      <Filter>Header Files</Filter>
    </ClInclude>
  </ItemGroup>
  <ItemGroup>
    <ClCompile Include="MChamps.cpp">
      <Filter>Source Files</Filter>
    </ClCompile>
    <ClCompile Include="OnCleanup.cpp">
      <Filter>Source Files</Filter>
    </ClCompile>
    <ClCompile Include="OnEvent.cpp">
      <Filter>Source Files</Filter>
    </ClCompile>
    <ClCompile Include="OnInit.cpp">
      <Filter>Source Files</Filter>
    </ClCompile>
    <ClCompile Include="OnLoop.cpp">
      <Filter>Source Files</Filter>
    </ClCompile>
    <ClCompile Include="OnRender.cpp">
      <Filter>Source Files</Filter>
    </ClCompile>
    <ClCompile Include="Graphics.cpp">
      <Filter>Source Files</Filter>
    </ClCompile>
    <ClCompile Include="Assets.cpp">
      <Filter>Source Files</Filter>
    </ClCompile>
    <ClCompile Include="Timer.cpp">
      <Filter>Source Files</Filter>
    </ClCompile>
    <ClCompile Include="Objects\Car.cpp">
      <Filter>Source Files</Filter>
    </ClCompile>
    <ClCompile Include="Objects\BoostStreak.cpp">
      <Filter>Source Files</Filter>
    </ClCompile>
    <ClCompile Include="Objects\Ball.cpp">
      <Filter>Source Files</Filter>
    </ClCompile>
  </ItemGroup>
  <ItemGroup>
    <Image Include="res\img\title_screen.png">
      <Filter>Source Files\res\img</Filter>
    </Image>
    <Image Include="res\img\car_select.png">
      <Filter>Resource Files</Filter>
    </Image>
    <Image Include="res\img\car_selection_cursor.png">
      <Filter>Resource Files</Filter>
    </Image>
    <Image Include="res\img\car_selection_sheet.png">
      <Filter>Resource Files</Filter>
    </Image>
    <Image Include="res\img\car_select_p1_flash.png">
      <Filter>Resource Files</Filter>
    </Image>
    <Image Include="res\img\car_select_p2_flash.png">
      <Filter>Resource Files</Filter>
    </Image>
    <Image Include="res\img\field.png">
      <Filter>Resource Files</Filter>
    </Image>
    <Image Include="res\img\field_bottom.png">
      <Filter>Resource Files</Filter>
    </Image>
    <Image Include="res\img\title_screen_start_hidden.png">
      <Filter>Resource Files</Filter>
    </Image>
    <Image Include="res\img\status_bar.png">
      <Filter>Resource Files</Filter>
    </Image>
    <Image Include="res\img\football_sheet.png">
      <Filter>Resource Files</Filter>
    </Image>
    <Image Include="res\img\boost_streak_fade1.png">
      <Filter>Resource Files</Filter>
    </Image>
    <Image Include="res\img\boost_streak_fade2.png">
      <Filter>Resource Files</Filter>
    </Image>
    <Image Include="res\img\boost_streak_full.png">
      <Filter>Resource Files</Filter>
    </Image>
    <Image Include="res\img\boost_bar.png">
      <Filter>Resource Files</Filter>
    </Image>
    <Image Include="res\img\car_sprite_sheet_final.png">
      <Filter>Resource Files</Filter>
    </Image>
    <Image Include="res\img\car_shadow.png">
      <Filter>Resource Files</Filter>
    </Image>
    <Image Include="res\img\football_shadow.png">
      <Filter>Resource Files</Filter>
    </Image>
    <Image Include="res\img\numbers.png">
      <Filter>Resource Files</Filter>
    </Image>
  </ItemGroup>
  <ItemGroup>
    <None Include="libpng16-16.dll" />
    <None Include="SDL2.dll" />
    <None Include="SDL2_image.dll" />
    <None Include="zlib1.dll" />
    <None Include="SDL2_mixer.dll" />
  </ItemGroup>
  <ItemGroup>
    <Media Include="res\snd\movecursor.wav">
      <Filter>Resource Files</Filter>
    </Media>
    <Media Include="res\snd\selection.wav">
      <Filter>Resource Files</Filter>
    </Media>
    <Media Include="res\snd\startselection.wav">
      <Filter>Resource Files</Filter>
    </Media>
    <Media Include="res\snd\titlemusic.wav">
      <Filter>Resource Files</Filter>
    </Media>
    <Media Include="res\snd\carselectionmusic.wav">
      <Filter>Resource Files</Filter>
    </Media>
    <Media Include="res\snd\eurobeat.wav">
      <Filter>Resource Files</Filter>
    </Media>
  </ItemGroup>
</Project>